{
  "name": "vis-a-vis",
  "version": "1.0.0",
  "lockfileVersion": 1,
  "requires": true,
  "dependencies": {
    "@knekk/spinners": {
      "version": "0.0.21",
      "resolved": "https://registry.npmjs.org/@knekk/spinners/-/spinners-0.0.21.tgz",
      "integrity": "sha512-1QRQ5p41Iho/PDggnrxfDeQTlMtBWiJOXUJzPR7KnsqjAaYy3KE02ZIrTrkOuXgMnG/RsGjosNaNUJPFaTDwZQ=="
    },
    "core-js": {
      "version": "3.8.0",
      "resolved": "https://registry.npmjs.org/core-js/-/core-js-3.8.0.tgz",
      "integrity": "sha512-W2VYNB0nwQQE7tKS7HzXd7r2y/y2SVJl4ga6oH/dnaLFzM0o2lB2P3zCkWj5Wc/zyMYjtgd5Hmhk0ObkQFZOIA=="
    },
    "dom7": {
      "version": "3.0.0",
      "resolved": "https://registry.npmjs.org/dom7/-/dom7-3.0.0.tgz",
      "integrity": "sha512-oNlcUdHsC4zb7Msx7JN3K0Nro1dzJ48knvBOnDPKJ2GV9wl1i5vydJZUSyOfrkKFDZEud/jBsTk92S/VGSAe/g==",
      "requires": {
        "ssr-window": "^3.0.0-alpha.1"
      }
    },
    "ssr-window": {
      "version": "3.0.0",
      "resolved": "https://registry.npmjs.org/ssr-window/-/ssr-window-3.0.0.tgz",
      "integrity": "sha512-q+8UfWDg9Itrg0yWK7oe5p/XRCJpJF9OBtXfOPgSJl+u3Xd5KI328RUEvUqSMVM9CiQUEf1QdBzJMkYGErj9QA=="
    },
    "swiper": {
      "version": "6.3.5",
      "resolved": "https://registry.npmjs.org/swiper/-/swiper-6.3.5.tgz",
      "integrity": "sha512-MZkkVJ+sXukp6G3Z3BlKayhBjRIQuO1TZaTlH7ooI/0qbH0kkmItFMjFo19nOOsJaDXglA32xqyc9KCtmbJv0w==",
      "requires": {
        "dom7": "^3.0.0-alpha.7",
        "ssr-window": "^3.0.0-alpha.4"
      }
    },
    "vue-class-component": {
      "version": "7.2.6",
      "resolved": "https://registry.npmjs.org/vue-class-component/-/vue-class-component-7.2.6.tgz",
      "integrity": "sha512-+eaQXVrAm/LldalI272PpDe3+i4mPis0ORiMYxF6Ae4hyuCh15W8Idet7wPUEs4N4YptgFHGys4UrgNQOMyO6w=="
    },
    "vue-property-decorator": {
      "version": "8.5.1",
      "resolved": "https://registry.npmjs.org/vue-property-decorator/-/vue-property-decorator-8.5.1.tgz",
      "integrity": "sha512-O6OUN2OMsYTGPvgFtXeBU3jPnX5ffQ9V4I1WfxFQ6dqz6cOUbR3Usou7kgFpfiXDvV7dJQSFcJ5yUPgOtPPm1Q==",
      "requires": {
        "vue-class-component": "^7.1.0"
      }
    },
    "vue-slider-component": {
      "version": "3.2.11",
      "resolved": "https://registry.npmjs.org/vue-slider-component/-/vue-slider-component-3.2.11.tgz",
      "integrity": "sha512-2YyJW6TFnYk5FUvqQLvZcCJ+hthBXB819qNHtwnEUyDbOcTXV0n3Ou1ZphOi5FX9phlQIiC2NvjLuRAVmNq+Zw==",
      "requires": {
        "core-js": "^3.6.5",
        "vue-property-decorator": "^8.0.0"
      }
    }
  }
}
